
Microsoft Visual Studio Solution File, Format Version 12.00
# Visual Studio Version 17
VisualStudioVersion = 17.7.34202.233
MinimumVisualStudioVersion = 10.0.40219.1
Project("{FAE04EC0-301F-11D3-BF4B-00C04F79EFBC}") = "POSTFIX", "POSTFIX.csproj", "{01A07CE7-BD6B-4407-ABE5-2407ECEBB199}"
EndProject
Global
	GlobalSection(SolutionConfigurationPlatforms) = preSolution
		Debug|Any CPU = Debug|Any CPU
		Release|Any CPU = Release|Any CPU
	EndGlobalSection
	GlobalSection(ProjectConfigurationPlatforms) = postSolution
		{01A07CE7-BD6B-4407-ABE5-2407ECEBB199}.Debug|Any CPU.ActiveCfg = Debug|Any CPU
		{01A07CE7-BD6B-4407-ABE5-2407ECEBB199}.Debug|Any CPU.Build.0 = Debug|Any CPU
		{01A07CE7-BD6B-4407-ABE5-2407ECEBB199}.Release|Any CPU.ActiveCfg = Release|Any CPU
		{01A07CE7-BD6B-4407-ABE5-2407ECEBB199}.Release|Any CPU.Build.0 = Release|Any CPU
	EndGlobalSection
	GlobalSection(SolutionProperties) = preSolution
		HideSolutionNode = FALSE
	EndGlobalSection
	GlobalSection(ExtensibilityGlobals) = postSolution
		SolutionGuid = {42F6D8EC-A15D-4F00-81BB-5C6E0B6F9350}
	EndGlobalSection
EndGlobal
